// !$*UTF8*$!
{
	archiveVersion = 1;
	classes = {
	};
	objectVersion = 50;
	objects = {

/* Begin PBXBuildFile section */
		B419169827961A20004F8AD0 /* MessageViewController.swift in Sources */ = {isa = PBXBuildFile; fileRef = B419169727961A20004F8AD0 /* MessageViewController.swift */; };
		B445D587272DE99500BBA0CF /* UIButton.swift in Sources */ = {isa = PBXBuildFile; fileRef = B445D586272DE99500BBA0CF /* UIButton.swift */; };
		B445D58A272E17D000BBA0CF /* AboutViewController.swift in Sources */ = {isa = PBXBuildFile; fileRef = B445D589272E17D000BBA0CF /* AboutViewController.swift */; };
		B445D58E272F2BF000BBA0CF /* HowToViewController.swift in Sources */ = {isa = PBXBuildFile; fileRef = B445D58D272F2BF000BBA0CF /* HowToViewController.swift */; };
		B445D590272F3D6700BBA0CF /* PagingCollectionViewController.swift in Sources */ = {isa = PBXBuildFile; fileRef = B445D58F272F3D6700BBA0CF /* PagingCollectionViewController.swift */; };
		B447D3762707CEB900B5BCA6 /* CustomTextField.swift in Sources */ = {isa = PBXBuildFile; fileRef = B447D3752707CEB900B5BCA6 /* CustomTextField.swift */; };
		B45875DF2709227700CBD902 /* TextCopiedView.swift in Sources */ = {isa = PBXBuildFile; fileRef = B45875DE2709227700CBD902 /* TextCopiedView.swift */; };
		B45875E8270A20C500CBD902 /* MenuTableViewCell.swift in Sources */ = {isa = PBXBuildFile; fileRef = B45875E7270A20C500CBD902 /* MenuTableViewCell.swift */; };
		B45875EA270A2DB100CBD902 /* MenuViewController.swift in Sources */ = {isa = PBXBuildFile; fileRef = B45875E9270A2DB100CBD902 /* MenuViewController.swift */; };
		B45875EC270A362400CBD902 /* SlideInTransition.swift in Sources */ = {isa = PBXBuildFile; fileRef = B45875EB270A362400CBD902 /* SlideInTransition.swift */; };
		B45875F4270BB86000CBD902 /* EncryptDecryptViewController.swift in Sources */ = {isa = PBXBuildFile; fileRef = B45875F3270BB86000CBD902 /* EncryptDecryptViewController.swift */; };
		B47EA6832707926F00718467 /* AppDelegate.swift in Sources */ = {isa = PBXBuildFile; fileRef = B47EA6822707926F00718467 /* AppDelegate.swift */; };
		B47EA6852707926F00718467 /* SceneDelegate.swift in Sources */ = {isa = PBXBuildFile; fileRef = B47EA6842707926F00718467 /* SceneDelegate.swift */; };
		B47EA6872707926F00718467 /* ViewController.swift in Sources */ = {isa = PBXBuildFile; fileRef = B47EA6862707926F00718467 /* ViewController.swift */; };
		B47EA68A2707926F00718467 /* Main.storyboard in Resources */ = {isa = PBXBuildFile; fileRef = B47EA6882707926F00718467 /* Main.storyboard */; };
		B47EA68D2707926F00718467 /* Encryption.xcdatamodeld in Sources */ = {isa = PBXBuildFile; fileRef = B47EA68B2707926F00718467 /* Encryption.xcdatamodeld */; };
		B47EA68F2707927500718467 /* Assets.xcassets in Resources */ = {isa = PBXBuildFile; fileRef = B47EA68E2707927500718467 /* Assets.xcassets */; };
		B47EA6922707927500718467 /* LaunchScreen.storyboard in Resources */ = {isa = PBXBuildFile; fileRef = B47EA6902707927500718467 /* LaunchScreen.storyboard */; };
		B47EA69D2707927500718467 /* EncryptionTests.swift in Sources */ = {isa = PBXBuildFile; fileRef = B47EA69C2707927500718467 /* EncryptionTests.swift */; };
		B47EA6A82707927500718467 /* EncryptionUITests.swift in Sources */ = {isa = PBXBuildFile; fileRef = B47EA6A72707927500718467 /* EncryptionUITests.swift */; };
		B47EA6B6270793C100718467 /* CustomSegmentedControl.swift in Sources */ = {isa = PBXBuildFile; fileRef = B47EA6B5270793C100718467 /* CustomSegmentedControl.swift */; };
		B4A9750227BF0AB2001CC979 /* Encryptor-Video3.mp4 in Resources */ = {isa = PBXBuildFile; fileRef = B4A9750127BF0AB2001CC979 /* Encryptor-Video3.mp4 */; };
		B4A9750427C1BA83001CC979 /* String.swift in Sources */ = {isa = PBXBuildFile; fileRef = B4A9750327C1BA83001CC979 /* String.swift */; };
/* End PBXBuildFile section */

/* Begin PBXContainerItemProxy section */
		B47EA6992707927500718467 /* PBXContainerItemProxy */ = {
			isa = PBXContainerItemProxy;
			containerPortal = B47EA6772707926F00718467 /* Project object */;
			proxyType = 1;
			remoteGlobalIDString = B47EA67E2707926F00718467;
			remoteInfo = Encryption;
		};
		B47EA6A42707927500718467 /* PBXContainerItemProxy */ = {
			isa = PBXContainerItemProxy;
			containerPortal = B47EA6772707926F00718467 /* Project object */;
			proxyType = 1;
			remoteGlobalIDString = B47EA67E2707926F00718467;
			remoteInfo = Encryption;
		};
/* End PBXContainerItemProxy section */

/* Begin PBXFileReference section */
		B419169727961A20004F8AD0 /* MessageViewController.swift */ = {isa = PBXFileReference; lastKnownFileType = sourcecode.swift; path = MessageViewController.swift; sourceTree = "<group>"; };
		B445D586272DE99500BBA0CF /* UIButton.swift */ = {isa = PBXFileReference; lastKnownFileType = sourcecode.swift; path = UIButton.swift; sourceTree = "<group>"; };
		B445D589272E17D000BBA0CF /* AboutViewController.swift */ = {isa = PBXFileReference; lastKnownFileType = sourcecode.swift; path = AboutViewController.swift; sourceTree = "<group>"; };
		B445D58D272F2BF000BBA0CF /* HowToViewController.swift */ = {isa = PBXFileReference; lastKnownFileType = sourcecode.swift; path = HowToViewController.swift; sourceTree = "<group>"; };
		B445D58F272F3D6700BBA0CF /* PagingCollectionViewController.swift */ = {isa = PBXFileReference; lastKnownFileType = sourcecode.swift; path = PagingCollectionViewController.swift; sourceTree = "<group>"; };
		B447D3752707CEB900B5BCA6 /* CustomTextField.swift */ = {isa = PBXFileReference; lastKnownFileType = sourcecode.swift; path = CustomTextField.swift; sourceTree = "<group>"; };
		B45875DE2709227700CBD902 /* TextCopiedView.swift */ = {isa = PBXFileReference; lastKnownFileType = sourcecode.swift; path = TextCopiedView.swift; sourceTree = "<group>"; };
		B45875E7270A20C500CBD902 /* MenuTableViewCell.swift */ = {isa = PBXFileReference; lastKnownFileType = sourcecode.swift; path = MenuTableViewCell.swift; sourceTree = "<group>"; };
		B45875E9270A2DB100CBD902 /* MenuViewController.swift */ = {isa = PBXFileReference; lastKnownFileType = sourcecode.swift; path = MenuViewController.swift; sourceTree = "<group>"; };
		B45875EB270A362400CBD902 /* SlideInTransition.swift */ = {isa = PBXFileReference; lastKnownFileType = sourcecode.swift; path = SlideInTransition.swift; sourceTree = "<group>"; };
		B45875F3270BB86000CBD902 /* EncryptDecryptViewController.swift */ = {isa = PBXFileReference; lastKnownFileType = sourcecode.swift; path = EncryptDecryptViewController.swift; sourceTree = "<group>"; };
		B47EA67F2707926F00718467 /* Encryption.app */ = {isa = PBXFileReference; explicitFileType = wrapper.application; includeInIndex = 0; path = Encryption.app; sourceTree = BUILT_PRODUCTS_DIR; };
		B47EA6822707926F00718467 /* AppDelegate.swift */ = {isa = PBXFileReference; lastKnownFileType = sourcecode.swift; path = AppDelegate.swift; sourceTree = "<group>"; };
		B47EA6842707926F00718467 /* SceneDelegate.swift */ = {isa = PBXFileReference; lastKnownFileType = sourcecode.swift; path = SceneDelegate.swift; sourceTree = "<group>"; };
		B47EA6862707926F00718467 /* ViewController.swift */ = {isa = PBXFileReference; lastKnownFileType = sourcecode.swift; path = ViewController.swift; sourceTree = "<group>"; };
		B47EA6892707926F00718467 /* Base */ = {isa = PBXFileReference; lastKnownFileType = file.storyboard; name = Base; path = Base.lproj/Main.storyboard; sourceTree = "<group>"; };
		B47EA68C2707926F00718467 /* Encryption.xcdatamodel */ = {isa = PBXFileReference; lastKnownFileType = wrapper.xcdatamodel; path = Encryption.xcdatamodel; sourceTree = "<group>"; };
		B47EA68E2707927500718467 /* Assets.xcassets */ = {isa = PBXFileReference; lastKnownFileType = folder.assetcatalog; path = Assets.xcassets; sourceTree = "<group>"; };
		B47EA6912707927500718467 /* Base */ = {isa = PBXFileReference; lastKnownFileType = file.storyboard; name = Base; path = Base.lproj/LaunchScreen.storyboard; sourceTree = "<group>"; };
		B47EA6932707927500718467 /* Info.plist */ = {isa = PBXFileReference; lastKnownFileType = text.plist.xml; path = Info.plist; sourceTree = "<group>"; };
		B47EA6982707927500718467 /* EncryptionTests.xctest */ = {isa = PBXFileReference; explicitFileType = wrapper.cfbundle; includeInIndex = 0; path = EncryptionTests.xctest; sourceTree = BUILT_PRODUCTS_DIR; };
		B47EA69C2707927500718467 /* EncryptionTests.swift */ = {isa = PBXFileReference; lastKnownFileType = sourcecode.swift; path = EncryptionTests.swift; sourceTree = "<group>"; };
		B47EA69E2707927500718467 /* Info.plist */ = {isa = PBXFileReference; lastKnownFileType = text.plist.xml; path = Info.plist; sourceTree = "<group>"; };
		B47EA6A32707927500718467 /* EncryptionUITests.xctest */ = {isa = PBXFileReference; explicitFileType = wrapper.cfbundle; includeInIndex = 0; path = EncryptionUITests.xctest; sourceTree = BUILT_PRODUCTS_DIR; };
		B47EA6A72707927500718467 /* EncryptionUITests.swift */ = {isa = PBXFileReference; lastKnownFileType = sourcecode.swift; path = EncryptionUITests.swift; sourceTree = "<group>"; };
		B47EA6A92707927500718467 /* Info.plist */ = {isa = PBXFileReference; lastKnownFileType = text.plist.xml; path = Info.plist; sourceTree = "<group>"; };
		B47EA6B5270793C100718467 /* CustomSegmentedControl.swift */ = {isa = PBXFileReference; lastKnownFileType = sourcecode.swift; path = CustomSegmentedControl.swift; sourceTree = "<group>"; };
		B4A9750127BF0AB2001CC979 /* Encryptor-Video3.mp4 */ = {isa = PBXFileReference; lastKnownFileType = file; path = "Encryptor-Video3.mp4"; sourceTree = "<group>"; };
		B4A9750327C1BA83001CC979 /* String.swift */ = {isa = PBXFileReference; lastKnownFileType = sourcecode.swift; path = String.swift; sourceTree = "<group>"; };
/* End PBXFileReference section */

/* Begin PBXFrameworksBuildPhase section */
		B47EA67C2707926F00718467 /* Frameworks */ = {
			isa = PBXFrameworksBuildPhase;
			buildActionMask = 2147483647;
			files = (
			);
			runOnlyForDeploymentPostprocessing = 0;
		};
		B47EA6952707927500718467 /* Frameworks */ = {
			isa = PBXFrameworksBuildPhase;
			buildActionMask = 2147483647;
			files = (
			);
			runOnlyForDeploymentPostprocessing = 0;
		};
		B47EA6A02707927500718467 /* Frameworks */ = {
			isa = PBXFrameworksBuildPhase;
			buildActionMask = 2147483647;
			files = (
			);
			runOnlyForDeploymentPostprocessing = 0;
		};
/* End PBXFrameworksBuildPhase section */

/* Begin PBXGroup section */
		B4191696279619FF004F8AD0 /* MessageView */ = {
			isa = PBXGroup;
			children = (
				B419169727961A20004F8AD0 /* MessageViewController.swift */,
			);
			path = MessageView;
			sourceTree = "<group>";
		};
		B445D585272DE97B00BBA0CF /* Extensions */ = {
			isa = PBXGroup;
			children = (
				B445D586272DE99500BBA0CF /* UIButton.swift */,
				B4A9750327C1BA83001CC979 /* String.swift */,
			);
			path = Extensions;
			sourceTree = "<group>";
		};
		B445D588272E17B400BBA0CF /* AboutView */ = {
			isa = PBXGroup;
			children = (
				B445D589272E17D000BBA0CF /* AboutViewController.swift */,
			);
			path = AboutView;
			sourceTree = "<group>";
		};
		B445D58B272F2B9D00BBA0CF /* HowToView */ = {
			isa = PBXGroup;
			children = (
				B445D58D272F2BF000BBA0CF /* HowToViewController.swift */,
			);
			path = HowToView;
			sourceTree = "<group>";
		};
		B445D58C272F2BA800BBA0CF /* ViewControllers */ = {
			isa = PBXGroup;
			children = (
				B45875E0270A02C700CBD902 /* HomeView */,
				B45875E1270A02DB00CBD902 /* MenuView */,
				B45875F2270BB70B00CBD902 /* EncryptDecryptView */,
				B445D58B272F2B9D00BBA0CF /* HowToView */,
				B445D588272E17B400BBA0CF /* AboutView */,
			);
			path = ViewControllers;
			sourceTree = "<group>";
		};
		B447D3742707CE9000B5BCA6 /* CustomModels */ = {
			isa = PBXGroup;
			children = (
				B45875ED270A698E00CBD902 /* Transitions */,
				B45875E7270A20C500CBD902 /* MenuTableViewCell.swift */,
				B47EA6B5270793C100718467 /* CustomSegmentedControl.swift */,
				B447D3752707CEB900B5BCA6 /* CustomTextField.swift */,
				B45875DE2709227700CBD902 /* TextCopiedView.swift */,
				B445D58F272F3D6700BBA0CF /* PagingCollectionViewController.swift */,
			);
			path = CustomModels;
			sourceTree = "<group>";
		};
		B45875E0270A02C700CBD902 /* HomeView */ = {
			isa = PBXGroup;
			children = (
				B47EA6862707926F00718467 /* ViewController.swift */,
			);
			path = HomeView;
			sourceTree = "<group>";
		};
		B45875E1270A02DB00CBD902 /* MenuView */ = {
			isa = PBXGroup;
			children = (
				B45875E9270A2DB100CBD902 /* MenuViewController.swift */,
			);
			path = MenuView;
			sourceTree = "<group>";
		};
		B45875ED270A698E00CBD902 /* Transitions */ = {
			isa = PBXGroup;
			children = (
				B45875EB270A362400CBD902 /* SlideInTransition.swift */,
			);
			path = Transitions;
			sourceTree = "<group>";
		};
		B45875F2270BB70B00CBD902 /* EncryptDecryptView */ = {
			isa = PBXGroup;
			children = (
				B45875F3270BB86000CBD902 /* EncryptDecryptViewController.swift */,
				B4191696279619FF004F8AD0 /* MessageView */,
			);
			path = EncryptDecryptView;
			sourceTree = "<group>";
		};
		B47EA6762707926F00718467 = {
			isa = PBXGroup;
			children = (
				B47EA6812707926F00718467 /* Encryption */,
				B47EA69B2707927500718467 /* EncryptionTests */,
				B47EA6A62707927500718467 /* EncryptionUITests */,
				B47EA6802707926F00718467 /* Products */,
			);
			sourceTree = "<group>";
		};
		B47EA6802707926F00718467 /* Products */ = {
			isa = PBXGroup;
			children = (
				B47EA67F2707926F00718467 /* Encryption.app */,
				B47EA6982707927500718467 /* EncryptionTests.xctest */,
				B47EA6A32707927500718467 /* EncryptionUITests.xctest */,
			);
			name = Products;
			sourceTree = "<group>";
		};
		B47EA6812707926F00718467 /* Encryption */ = {
			isa = PBXGroup;
			children = (
				B4A9750127BF0AB2001CC979 /* Encryptor-Video3.mp4 */,
				B445D58C272F2BA800BBA0CF /* ViewControllers */,
				B445D585272DE97B00BBA0CF /* Extensions */,
				B447D3742707CE9000B5BCA6 /* CustomModels */,
				B47EA6882707926F00718467 /* Main.storyboard */,
				B47EA6822707926F00718467 /* AppDelegate.swift */,
				B47EA6842707926F00718467 /* SceneDelegate.swift */,
				B47EA68E2707927500718467 /* Assets.xcassets */,
				B47EA6902707927500718467 /* LaunchScreen.storyboard */,
				B47EA6932707927500718467 /* Info.plist */,
				B47EA68B2707926F00718467 /* Encryption.xcdatamodeld */,
			);
			path = Encryption;
			sourceTree = "<group>";
		};
		B47EA69B2707927500718467 /* EncryptionTests */ = {
			isa = PBXGroup;
			children = (
				B47EA69C2707927500718467 /* EncryptionTests.swift */,
				B47EA69E2707927500718467 /* Info.plist */,
			);
			path = EncryptionTests;
			sourceTree = "<group>";
		};
		B47EA6A62707927500718467 /* EncryptionUITests */ = {
			isa = PBXGroup;
			children = (
				B47EA6A72707927500718467 /* EncryptionUITests.swift */,
				B47EA6A92707927500718467 /* Info.plist */,
			);
			path = EncryptionUITests;
			sourceTree = "<group>";
		};
/* End PBXGroup section */

/* Begin PBXNativeTarget section */
		B47EA67E2707926F00718467 /* Encryption */ = {
			isa = PBXNativeTarget;
			buildConfigurationList = B47EA6AC2707927500718467 /* Build configuration list for PBXNativeTarget "Encryption" */;
			buildPhases = (
				B47EA67B2707926F00718467 /* Sources */,
				B47EA67C2707926F00718467 /* Frameworks */,
				B47EA67D2707926F00718467 /* Resources */,
			);
			buildRules = (
			);
			dependencies = (
			);
			name = Encryption;
			productName = Encryption;
			productReference = B47EA67F2707926F00718467 /* Encryption.app */;
			productType = "com.apple.product-type.application";
		};
		B47EA6972707927500718467 /* EncryptionTests */ = {
			isa = PBXNativeTarget;
			buildConfigurationList = B47EA6AF2707927500718467 /* Build configuration list for PBXNativeTarget "EncryptionTests" */;
			buildPhases = (
				B47EA6942707927500718467 /* Sources */,
				B47EA6952707927500718467 /* Frameworks */,
				B47EA6962707927500718467 /* Resources */,
			);
			buildRules = (
			);
			dependencies = (
				B47EA69A2707927500718467 /* PBXTargetDependency */,
			);
			name = EncryptionTests;
			productName = EncryptionTests;
			productReference = B47EA6982707927500718467 /* EncryptionTests.xctest */;
			productType = "com.apple.product-type.bundle.unit-test";
		};
		B47EA6A22707927500718467 /* EncryptionUITests */ = {
			isa = PBXNativeTarget;
			buildConfigurationList = B47EA6B22707927500718467 /* Build configuration list for PBXNativeTarget "EncryptionUITests" */;
			buildPhases = (
				B47EA69F2707927500718467 /* Sources */,
				B47EA6A02707927500718467 /* Frameworks */,
				B47EA6A12707927500718467 /* Resources */,
			);
			buildRules = (
			);
			dependencies = (
				B47EA6A52707927500718467 /* PBXTargetDependency */,
			);
			name = EncryptionUITests;
			productName = EncryptionUITests;
			productReference = B47EA6A32707927500718467 /* EncryptionUITests.xctest */;
			productType = "com.apple.product-type.bundle.ui-testing";
		};
/* End PBXNativeTarget section */

/* Begin PBXProject section */
		B47EA6772707926F00718467 /* Project object */ = {
			isa = PBXProject;
			attributes = {
				LastSwiftUpdateCheck = 1250;
				LastUpgradeCheck = 1250;
				TargetAttributes = {
					B47EA67E2707926F00718467 = {
						CreatedOnToolsVersion = 12.5.1;
					};
					B47EA6972707927500718467 = {
						CreatedOnToolsVersion = 12.5.1;
						TestTargetID = B47EA67E2707926F00718467;
					};
					B47EA6A22707927500718467 = {
						CreatedOnToolsVersion = 12.5.1;
						TestTargetID = B47EA67E2707926F00718467;
					};
				};
			};
			buildConfigurationList = B47EA67A2707926F00718467 /* Build configuration list for PBXProject "Encryption" */;
			compatibilityVersion = "Xcode 9.3";
			developmentRegion = en;
			hasScannedForEncodings = 0;
			knownRegions = (
				en,
				Base,
			);
			mainGroup = B47EA6762707926F00718467;
			productRefGroup = B47EA6802707926F00718467 /* Products */;
			projectDirPath = "";
			projectRoot = "";
			targets = (
				B47EA67E2707926F00718467 /* Encryption */,
				B47EA6972707927500718467 /* EncryptionTests */,
				B47EA6A22707927500718467 /* EncryptionUITests */,
			);
		};
/* End PBXProject section */

/* Begin PBXResourcesBuildPhase section */
		B47EA67D2707926F00718467 /* Resources */ = {
			isa = PBXResourcesBuildPhase;
			buildActionMask = 2147483647;
			files = (
				B4A9750227BF0AB2001CC979 /* Encryptor-Video3.mp4 in Resources */,
				B47EA6922707927500718467 /* LaunchScreen.storyboard in Resources */,
				B47EA68F2707927500718467 /* Assets.xcassets in Resources */,
				B47EA68A2707926F00718467 /* Main.storyboard in Resources */,
			);
			runOnlyForDeploymentPostprocessing = 0;
		};
		B47EA6962707927500718467 /* Resources */ = {
			isa = PBXResourcesBuildPhase;
			buildActionMask = 2147483647;
			files = (
			);
			runOnlyForDeploymentPostprocessing = 0;
		};
		B47EA6A12707927500718467 /* Resources */ = {
			isa = PBXResourcesBuildPhase;
			buildActionMask = 2147483647;
			files = (
			);
			runOnlyForDeploymentPostprocessing = 0;
		};
/* End PBXResourcesBuildPhase section */

/* Begin PBXSourcesBuildPhase section */
		B47EA67B2707926F00718467 /* Sources */ = {
			isa = PBXSourcesBuildPhase;
			buildActionMask = 2147483647;
			files = (
				B445D590272F3D6700BBA0CF /* PagingCollectionViewController.swift in Sources */,
				B445D58A272E17D000BBA0CF /* AboutViewController.swift in Sources */,
				B47EA6872707926F00718467 /* ViewController.swift in Sources */,
				B445D587272DE99500BBA0CF /* UIButton.swift in Sources */,
				B45875DF2709227700CBD902 /* TextCopiedView.swift in Sources */,
				B47EA6832707926F00718467 /* AppDelegate.swift in Sources */,
				B447D3762707CEB900B5BCA6 /* CustomTextField.swift in Sources */,
				B45875F4270BB86000CBD902 /* EncryptDecryptViewController.swift in Sources */,
				B45875EA270A2DB100CBD902 /* MenuViewController.swift in Sources */,
				B445D58E272F2BF000BBA0CF /* HowToViewController.swift in Sources */,
				B45875E8270A20C500CBD902 /* MenuTableViewCell.swift in Sources */,
				B47EA68D2707926F00718467 /* Encryption.xcdatamodeld in Sources */,
				B419169827961A20004F8AD0 /* MessageViewController.swift in Sources */,
				B47EA6B6270793C100718467 /* CustomSegmentedControl.swift in Sources */,
				B4A9750427C1BA83001CC979 /* String.swift in Sources */,
				B47EA6852707926F00718467 /* SceneDelegate.swift in Sources */,
				B45875EC270A362400CBD902 /* SlideInTransition.swift in Sources */,
			);
			runOnlyForDeploymentPostprocessing = 0;
		};
		B47EA6942707927500718467 /* Sources */ = {
			isa = PBXSourcesBuildPhase;
			buildActionMask = 2147483647;
			files = (
				B47EA69D2707927500718467 /* EncryptionTests.swift in Sources */,
			);
			runOnlyForDeploymentPostprocessing = 0;
		};
		B47EA69F2707927500718467 /* Sources */ = {
			isa = PBXSourcesBuildPhase;
			buildActionMask = 2147483647;
			files = (
				B47EA6A82707927500718467 /* EncryptionUITests.swift in Sources */,
			);
			runOnlyForDeploymentPostprocessing = 0;
		};
/* End PBXSourcesBuildPhase section */

/* Begin PBXTargetDependency section */
		B47EA69A2707927500718467 /* PBXTargetDependency */ = {
			isa = PBXTargetDependency;
			target = B47EA67E2707926F00718467 /* Encryption */;
			targetProxy = B47EA6992707927500718467 /* PBXContainerItemProxy */;
		};
		B47EA6A52707927500718467 /* PBXTargetDependency */ = {
			isa = PBXTargetDependency;
			target = B47EA67E2707926F00718467 /* Encryption */;
			targetProxy = B47EA6A42707927500718467 /* PBXContainerItemProxy */;
		};
/* End PBXTargetDependency section */

/* Begin PBXVariantGroup section */
		B47EA6882707926F00718467 /* Main.storyboard */ = {
			isa = PBXVariantGroup;
			children = (
				B47EA6892707926F00718467 /* Base */,
			);
			name = Main.storyboard;
			sourceTree = "<group>";
		};
		B47EA6902707927500718467 /* LaunchScreen.storyboard */ = {
			isa = PBXVariantGroup;
			children = (
				B47EA6912707927500718467 /* Base */,
			);
			name = LaunchScreen.storyboard;
			sourceTree = "<group>";
		};
/* End PBXVariantGroup section */

/* Begin XCBuildConfiguration section */
		B47EA6AA2707927500718467 /* Debug */ = {
			isa = XCBuildConfiguration;
			buildSettings = {
				ALWAYS_SEARCH_USER_PATHS = NO;
				CLANG_ANALYZER_NONNULL = YES;
				CLANG_ANALYZER_NUMBER_OBJECT_CONVERSION = YES_AGGRESSIVE;
				CLANG_CXX_LANGUAGE_STANDARD = "gnu++14";
				CLANG_CXX_LIBRARY = "libc++";
				CLANG_ENABLE_MODULES = YES;
				CLANG_ENABLE_OBJC_ARC = YES;
				CLANG_ENABLE_OBJC_WEAK = YES;
				CLANG_WARN_BLOCK_CAPTURE_AUTORELEASING = YES;
				CLANG_WARN_BOOL_CONVERSION = YES;
				CLANG_WARN_COMMA = YES;
				CLANG_WARN_CONSTANT_CONVERSION = YES;
				CLANG_WARN_DEPRECATED_OBJC_IMPLEMENTATIONS = YES;
				CLANG_WARN_DIRECT_OBJC_ISA_USAGE = YES_ERROR;
				CLANG_WARN_DOCUMENTATION_COMMENTS = YES;
				CLANG_WARN_EMPTY_BODY = YES;
				CLANG_WARN_ENUM_CONVERSION = YES;
				CLANG_WARN_INFINITE_RECURSION = YES;
				CLANG_WARN_INT_CONVERSION = YES;
				CLANG_WARN_NON_LITERAL_NULL_CONVERSION = YES;
				CLANG_WARN_OBJC_IMPLICIT_RETAIN_SELF = YES;
				CLANG_WARN_OBJC_LITERAL_CONVERSION = YES;
				CLANG_WARN_OBJC_ROOT_CLASS = YES_ERROR;
				CLANG_WARN_QUOTED_INCLUDE_IN_FRAMEWORK_HEADER = YES;
				CLANG_WARN_RANGE_LOOP_ANALYSIS = YES;
				CLANG_WARN_STRICT_PROTOTYPES = YES;
				CLANG_WARN_SUSPICIOUS_MOVE = YES;
				CLANG_WARN_UNGUARDED_AVAILABILITY = YES_AGGRESSIVE;
				CLANG_WARN_UNREACHABLE_CODE = YES;
				CLANG_WARN__DUPLICATE_METHOD_MATCH = YES;
				COPY_PHASE_STRIP = NO;
				DEBUG_INFORMATION_FORMAT = dwarf;
				ENABLE_STRICT_OBJC_MSGSEND = YES;
				ENABLE_TESTABILITY = YES;
				GCC_C_LANGUAGE_STANDARD = gnu11;
				GCC_DYNAMIC_NO_PIC = NO;
				GCC_NO_COMMON_BLOCKS = YES;
				GCC_OPTIMIZATION_LEVEL = 0;
				GCC_PREPROCESSOR_DEFINITIONS = (
					"DEBUG=1",
					"$(inherited)",
				);
				GCC_WARN_64_TO_32_BIT_CONVERSION = YES;
				GCC_WARN_ABOUT_RETURN_TYPE = YES_ERROR;
				GCC_WARN_UNDECLARED_SELECTOR = YES;
				GCC_WARN_UNINITIALIZED_AUTOS = YES_AGGRESSIVE;
				GCC_WARN_UNUSED_FUNCTION = YES;
				GCC_WARN_UNUSED_VARIABLE = YES;
				IPHONEOS_DEPLOYMENT_TARGET = 14.5;
				MTL_ENABLE_DEBUG_INFO = INCLUDE_SOURCE;
				MTL_FAST_MATH = YES;
				ONLY_ACTIVE_ARCH = YES;
				SDKROOT = iphoneos;
				SWIFT_ACTIVE_COMPILATION_CONDITIONS = DEBUG;
				SWIFT_OPTIMIZATION_LEVEL = "-Onone";
			};
			name = Debug;
		};
		B47EA6AB2707927500718467 /* Release */ = {
			isa = XCBuildConfiguration;
			buildSettings = {
				ALWAYS_SEARCH_USER_PATHS = NO;
				CLANG_ANALYZER_NONNULL = YES;
				CLANG_ANALYZER_NUMBER_OBJECT_CONVERSION = YES_AGGRESSIVE;
				CLANG_CXX_LANGUAGE_STANDARD = "gnu++14";
				CLANG_CXX_LIBRARY = "libc++";
				CLANG_ENABLE_MODULES = YES;
				CLANG_ENABLE_OBJC_ARC = YES;
				CLANG_ENABLE_OBJC_WEAK = YES;
				CLANG_WARN_BLOCK_CAPTURE_AUTORELEASING = YES;
				CLANG_WARN_BOOL_CONVERSION = YES;
				CLANG_WARN_COMMA = YES;
				CLANG_WARN_CONSTANT_CONVERSION = YES;
				CLANG_WARN_DEPRECATED_OBJC_IMPLEMENTATIONS = YES;
				CLANG_WARN_DIRECT_OBJC_ISA_USAGE = YES_ERROR;
				CLANG_WARN_DOCUMENTATION_COMMENTS = YES;
				CLANG_WARN_EMPTY_BODY = YES;
				CLANG_WARN_ENUM_CONVERSION = YES;
				CLANG_WARN_INFINITE_RECURSION = YES;
				CLANG_WARN_INT_CONVERSION = YES;
				CLANG_WARN_NON_LITERAL_NULL_CONVERSION = YES;
				CLANG_WARN_OBJC_IMPLICIT_RETAIN_SELF = YES;
				CLANG_WARN_OBJC_LITERAL_CONVERSION = YES;
				CLANG_WARN_OBJC_ROOT_CLASS = YES_ERROR;
				CLANG_WARN_QUOTED_INCLUDE_IN_FRAMEWORK_HEADER = YES;
				CLANG_WARN_RANGE_LOOP_ANALYSIS = YES;
				CLANG_WARN_STRICT_PROTOTYPES = YES;
				CLANG_WARN_SUSPICIOUS_MOVE = YES;
				CLANG_WARN_UNGUARDED_AVAILABILITY = YES_AGGRESSIVE;
				CLANG_WARN_UNREACHABLE_CODE = YES;
				CLANG_WARN__DUPLICATE_METHOD_MATCH = YES;
				COPY_PHASE_STRIP = NO;
				DEBUG_INFORMATION_FORMAT = "dwarf-with-dsym";
				ENABLE_NS_ASSERTIONS = NO;
				ENABLE_STRICT_OBJC_MSGSEND = YES;
				GCC_C_LANGUAGE_STANDARD = gnu11;
				GCC_NO_COMMON_BLOCKS = YES;
				GCC_WARN_64_TO_32_BIT_CONVERSION = YES;
				GCC_WARN_ABOUT_RETURN_TYPE = YES_ERROR;
				GCC_WARN_UNDECLARED_SELECTOR = YES;
				GCC_WARN_UNINITIALIZED_AUTOS = YES_AGGRESSIVE;
				GCC_WARN_UNUSED_FUNCTION = YES;
				GCC_WARN_UNUSED_VARIABLE = YES;
				IPHONEOS_DEPLOYMENT_TARGET = 14.5;
				MTL_ENABLE_DEBUG_INFO = NO;
				MTL_FAST_MATH = YES;
				SDKROOT = iphoneos;
				SWIFT_COMPILATION_MODE = wholemodule;
				SWIFT_OPTIMIZATION_LEVEL = "-O";
				VALIDATE_PRODUCT = YES;
			};
			name = Release;
		};
		B47EA6AD2707927500718467 /* Debug */ = {
			isa = XCBuildConfiguration;
			buildSettings = {
				ASSETCATALOG_COMPILER_APPICON_NAME = AppIcon;
				ASSETCATALOG_COMPILER_GLOBAL_ACCENT_COLOR_NAME = AccentColor;
				CODE_SIGN_STYLE = Automatic;
				CURRENT_PROJECT_VERSION = 1.1.2;
				DEVELOPMENT_TEAM = 3SAK2H9499;
				INFOPLIST_FILE = Encryption/Info.plist;
				LD_RUNPATH_SEARCH_PATHS = (
					"$(inherited)",
					"@executable_path/Frameworks",
				);
				MARKETING_VERSION = 1.1.2;
				PRODUCT_BUNDLE_IDENTIFIER = com.tommybartocci.Encryption;
				PRODUCT_NAME = "$(TARGET_NAME)";
				SWIFT_VERSION = 5.0;
				TARGETED_DEVICE_FAMILY = 1;
			};
			name = Debug;
		};
		B47EA6AE2707927500718467 /* Release */ = {
			isa = XCBuildConfiguration;
			buildSettings = {
				ASSETCATALOG_COMPILER_APPICON_NAME = AppIcon;
				ASSETCATALOG_COMPILER_GLOBAL_ACCENT_COLOR_NAME = AccentColor;
				CODE_SIGN_STYLE = Automatic;
				CURRENT_PROJECT_VERSION = 1.1.2;
				DEVELOPMENT_TEAM = 3SAK2H9499;
				INFOPLIST_FILE = Encryption/Info.plist;
				LD_RUNPATH_SEARCH_PATHS = (
					"$(inherited)",
					"@executable_path/Frameworks",
				);
				MARKETING_VERSION = 1.1.2;
				PRODUCT_BUNDLE_IDENTIFIER = com.tommybartocci.Encryption;
				PRODUCT_NAME = "$(TARGET_NAME)";
				SWIFT_VERSION = 5.0;
				TARGETED_DEVICE_FAMILY = 1;
			};
			name = Release;
		};
		B47EA6B02707927500718467 /* Debug */ = {
			isa = XCBuildConfiguration;
			buildSettings = {
				ALWAYS_EMBED_SWIFT_STANDARD_LIBRARIES = YES;
				BUNDLE_LOADER = "$(TEST_HOST)";
				CODE_SIGN_STYLE = Automatic;
				INFOPLIST_FILE = EncryptionTests/Info.plist;
				IPHONEOS_DEPLOYMENT_TARGET = 14.5;
				LD_RUNPATH_SEARCH_PATHS = (
					"$(inherited)",
					"@executable_path/Frameworks",
					"@loader_path/Frameworks",
				);
				PRODUCT_BUNDLE_IDENTIFIER = com.tommybartocci.EncryptionTests;
				PRODUCT_NAME = "$(TARGET_NAME)";
				SWIFT_VERSION = 5.0;
				TARGETED_DEVICE_FAMILY = "1,2";
				TEST_HOST = "$(BUILT_PRODUCTS_DIR)/Encryption.app/Encryption";
			};
			name = Debug;
		};
		B47EA6B12707927500718467 /* Release */ = {
			isa = XCBuildConfiguration;
			buildSettings = {
				ALWAYS_EMBED_SWIFT_STANDARD_LIBRARIES = YES;
				BUNDLE_LOADER = "$(TEST_HOST)";
				CODE_SIGN_STYLE = Automatic;
				INFOPLIST_FILE = EncryptionTests/Info.plist;
				IPHONEOS_DEPLOYMENT_TARGET = 14.5;
				LD_RUNPATH_SEARCH_PATHS = (
					"$(inherited)",
					"@executable_path/Frameworks",
					"@loader_path/Frameworks",
				);
				PRODUCT_BUNDLE_IDENTIFIER = com.tommybartocci.EncryptionTests;
				PRODUCT_NAME = "$(TARGET_NAME)";
				SWIFT_VERSION = 5.0;
				TARGETED_DEVICE_FAMILY = "1,2";
				TEST_HOST = "$(BUILT_PRODUCTS_DIR)/Encryption.app/Encryption";
			};
			name = Release;
		};
		B47EA6B32707927500718467 /* Debug */ = {
			isa = XCBuildConfiguration;
			buildSettings = {
				ALWAYS_EMBED_SWIFT_STANDARD_LIBRARIES = YES;
				CODE_SIGN_STYLE = Automatic;
				INFOPLIST_FILE = EncryptionUITests/Info.plist;
				LD_RUNPATH_SEARCH_PATHS = (
					"$(inherited)",
					"@executable_path/Frameworks",
					"@loader_path/Frameworks",
				);
				PRODUCT_BUNDLE_IDENTIFIER = com.tommybartocci.EncryptionUITests;
				PRODUCT_NAME = "$(TARGET_NAME)";
				SWIFT_VERSION = 5.0;
				TARGETED_DEVICE_FAMILY = "1,2";
				TEST_TARGET_NAME = Encryption;
			};
			name = Debug;
		};
		B47EA6B42707927500718467 /* Release */ = {
			isa = XCBuildConfiguration;
			buildSettings = {
				ALWAYS_EMBED_SWIFT_STANDARD_LIBRARIES = YES;
				CODE_SIGN_STYLE = Automatic;
				INFOPLIST_FILE = EncryptionUITests/Info.plist;
				LD_RUNPATH_SEARCH_PATHS = (
					"$(inherited)",
					"@executable_path/Frameworks",
					"@loader_path/Frameworks",
				);
				PRODUCT_BUNDLE_IDENTIFIER = com.tommybartocci.EncryptionUITests;
				PRODUCT_NAME = "$(TARGET_NAME)";
				SWIFT_VERSION = 5.0;
				TARGETED_DEVICE_FAMILY = "1,2";
				TEST_TARGET_NAME = Encryption;
			};
			name = Release;
		};
/* End XCBuildConfiguration section */

/* Begin XCConfigurationList section */
		B47EA67A2707926F00718467 /* Build configuration list for PBXProject "Encryption" */ = {
			isa = XCConfigurationList;
			buildConfigurations = (
				B47EA6AA2707927500718467 /* Debug */,
				B47EA6AB2707927500718467 /* Release */,
			);
			defaultConfigurationIsVisible = 0;
			defaultConfigurationName = Release;
		};
		B47EA6AC2707927500718467 /* Build configuration list for PBXNativeTarget "Encryption" */ = {
			isa = XCConfigurationList;
			buildConfigurations = (
				B47EA6AD2707927500718467 /* Debug */,
				B47EA6AE2707927500718467 /* Release */,
			);
			defaultConfigurationIsVisible = 0;
			defaultConfigurationName = Release;
		};
		B47EA6AF2707927500718467 /* Build configuration list for PBXNativeTarget "EncryptionTests" */ = {
			isa = XCConfigurationList;
			buildConfigurations = (
				B47EA6B02707927500718467 /* Debug */,
				B47EA6B12707927500718467 /* Release */,
			);
			defaultConfigurationIsVisible = 0;
			defaultConfigurationName = Release;
		};
		B47EA6B22707927500718467 /* Build configuration list for PBXNativeTarget "EncryptionUITests" */ = {
			isa = XCConfigurationList;
			buildConfigurations = (
				B47EA6B32707927500718467 /* Debug */,
				B47EA6B42707927500718467 /* Release */,
			);
			defaultConfigurationIsVisible = 0;
			defaultConfigurationName = Release;
		};
/* End XCConfigurationList section */

/* Begin XCVersionGroup section */
		B47EA68B2707926F00718467 /* Encryption.xcdatamodeld */ = {
			isa = XCVersionGroup;
			children = (
				B47EA68C2707926F00718467 /* Encryption.xcdatamodel */,
			);
			currentVersion = B47EA68C2707926F00718467 /* Encryption.xcdatamodel */;
			path = Encryption.xcdatamodeld;
			sourceTree = "<group>";
			versionGroupType = wrapper.xcdatamodel;
		};
/* End XCVersionGroup section */
	};
	rootObject = B47EA6772707926F00718467 /* Project object */;
}
