// !$*UTF8*$!
{
	archiveVersion = 1;
	classes = {
	};
	objectVersion = 53;
	objects = {

/* Begin PBXBuildFile section */
		B445D587272DE99500BBA0CF /* UIButton.swift in Sources */ = {isa = PBXBuildFile; fileRef = B445D586272DE99500BBA0CF /* UIButton.swift */; };
		B47EA6832707926F00718467 /* AppDelegate.swift in Sources */ = {isa = PBXBuildFile; fileRef = B47EA6822707926F00718467 /* AppDelegate.swift */; };
		B47EA6852707926F00718467 /* SceneDelegate.swift in Sources */ = {isa = PBXBuildFile; fileRef = B47EA6842707926F00718467 /* SceneDelegate.swift */; };
		B47EA68D2707926F00718467 /* Encryption.xcdatamodeld in Sources */ = {isa = PBXBuildFile; fileRef = B47EA68B2707926F00718467 /* Encryption.xcdatamodeld */; };
		B47EA68F2707927500718467 /* Assets.xcassets in Resources */ = {isa = PBXBuildFile; fileRef = B47EA68E2707927500718467 /* Assets.xcassets */; };
		B47EA6922707927500718467 /* LaunchScreen.storyboard in Resources */ = {isa = PBXBuildFile; fileRef = B47EA6902707927500718467 /* LaunchScreen.storyboard */; };
		B47EA69D2707927500718467 /* EncryptionTests.swift in Sources */ = {isa = PBXBuildFile; fileRef = B47EA69C2707927500718467 /* EncryptionTests.swift */; };
		B47EA6A82707927500718467 /* EncryptionUITests.swift in Sources */ = {isa = PBXBuildFile; fileRef = B47EA6A72707927500718467 /* EncryptionUITests.swift */; };
		B494C9082A4B3FED00071612 /* Home.storyboard in Resources */ = {isa = PBXBuildFile; fileRef = B494C9072A4B3FED00071612 /* Home.storyboard */; };
		B494C90C2A4B405400071612 /* HomeViewController.swift in Sources */ = {isa = PBXBuildFile; fileRef = B494C90B2A4B405400071612 /* HomeViewController.swift */; };
		B494C90F2A4B477200071612 /* PageListItem.swift in Sources */ = {isa = PBXBuildFile; fileRef = B494C90E2A4B477200071612 /* PageListItem.swift */; };
		B494C9112A4B491C00071612 /* PageListItemCell.swift in Sources */ = {isa = PBXBuildFile; fileRef = B494C9102A4B491C00071612 /* PageListItemCell.swift */; };
		B494C9142A4B536F00071612 /* AboutPageViewController.swift in Sources */ = {isa = PBXBuildFile; fileRef = B494C9132A4B536F00071612 /* AboutPageViewController.swift */; };
		B494C9162A4B53A800071612 /* About.storyboard in Resources */ = {isa = PBXBuildFile; fileRef = B494C9152A4B53A800071612 /* About.storyboard */; };
		B494C91E2A4B5FEE00071612 /* HowToUseViewController.swift in Sources */ = {isa = PBXBuildFile; fileRef = B494C91D2A4B5FEE00071612 /* HowToUseViewController.swift */; };
		B494C9202A4B5FF900071612 /* HowToUse.storyboard in Resources */ = {isa = PBXBuildFile; fileRef = B494C91F2A4B5FF900071612 /* HowToUse.storyboard */; };
		B494C9222A4B603800071612 /* InstructionalStep.swift in Sources */ = {isa = PBXBuildFile; fileRef = B494C9212A4B603800071612 /* InstructionalStep.swift */; };
		B494C9252A4B8E8C00071612 /* MainView.storyboard in Resources */ = {isa = PBXBuildFile; fileRef = B494C9242A4B8E8C00071612 /* MainView.storyboard */; };
		B494C9272A4B8F1700071612 /* MainViewController.swift in Sources */ = {isa = PBXBuildFile; fileRef = B494C9262A4B8F1700071612 /* MainViewController.swift */; };
		B494C9292A4B959200071612 /* Encryptor.storyboard in Resources */ = {isa = PBXBuildFile; fileRef = B494C9282A4B959200071612 /* Encryptor.storyboard */; };
		B494C92C2A4B95AC00071612 /* EncryptorViewController.swift in Sources */ = {isa = PBXBuildFile; fileRef = B494C92B2A4B95AC00071612 /* EncryptorViewController.swift */; };
		B494C92E2A4BA91600071612 /* UIView.swift in Sources */ = {isa = PBXBuildFile; fileRef = B494C92D2A4BA91600071612 /* UIView.swift */; };
		B494C9312A4BE24E00071612 /* Message.storyboard in Resources */ = {isa = PBXBuildFile; fileRef = B494C9302A4BE24E00071612 /* Message.storyboard */; };
		B494C9332A4BE27700071612 /* MessageViewController.swift in Sources */ = {isa = PBXBuildFile; fileRef = B494C9322A4BE27700071612 /* MessageViewController.swift */; };
		B494C9352A4BE73600071612 /* UIViewController.swift in Sources */ = {isa = PBXBuildFile; fileRef = B494C9342A4BE73600071612 /* UIViewController.swift */; };
		B494C9372A4CF0A200071612 /* EncryptorFunctions.swift in Sources */ = {isa = PBXBuildFile; fileRef = B494C9362A4CF0A200071612 /* EncryptorFunctions.swift */; };
		B494C9392A4CF2FC00071612 /* ProcessAttempt.swift in Sources */ = {isa = PBXBuildFile; fileRef = B494C9382A4CF2FC00071612 /* ProcessAttempt.swift */; };
		B4A9750427C1BA83001CC979 /* String.swift in Sources */ = {isa = PBXBuildFile; fileRef = B4A9750327C1BA83001CC979 /* String.swift */; };
/* End PBXBuildFile section */

/* Begin PBXContainerItemProxy section */
		B47EA6992707927500718467 /* PBXContainerItemProxy */ = {
			isa = PBXContainerItemProxy;
			containerPortal = B47EA6772707926F00718467 /* Project object */;
			proxyType = 1;
			remoteGlobalIDString = B47EA67E2707926F00718467;
			remoteInfo = Encryption;
		};
		B47EA6A42707927500718467 /* PBXContainerItemProxy */ = {
			isa = PBXContainerItemProxy;
			containerPortal = B47EA6772707926F00718467 /* Project object */;
			proxyType = 1;
			remoteGlobalIDString = B47EA67E2707926F00718467;
			remoteInfo = Encryption;
		};
/* End PBXContainerItemProxy section */

/* Begin PBXFileReference section */
		B445D586272DE99500BBA0CF /* UIButton.swift */ = {isa = PBXFileReference; lastKnownFileType = sourcecode.swift; path = UIButton.swift; sourceTree = "<group>"; };
		B47EA67F2707926F00718467 /* Encryption.app */ = {isa = PBXFileReference; explicitFileType = wrapper.application; includeInIndex = 0; path = Encryption.app; sourceTree = BUILT_PRODUCTS_DIR; };
		B47EA6822707926F00718467 /* AppDelegate.swift */ = {isa = PBXFileReference; lastKnownFileType = sourcecode.swift; path = AppDelegate.swift; sourceTree = "<group>"; };
		B47EA6842707926F00718467 /* SceneDelegate.swift */ = {isa = PBXFileReference; lastKnownFileType = sourcecode.swift; path = SceneDelegate.swift; sourceTree = "<group>"; };
		B47EA68C2707926F00718467 /* Encryption.xcdatamodel */ = {isa = PBXFileReference; lastKnownFileType = wrapper.xcdatamodel; path = Encryption.xcdatamodel; sourceTree = "<group>"; };
		B47EA68E2707927500718467 /* Assets.xcassets */ = {isa = PBXFileReference; lastKnownFileType = folder.assetcatalog; path = Assets.xcassets; sourceTree = "<group>"; };
		B47EA6912707927500718467 /* Base */ = {isa = PBXFileReference; lastKnownFileType = file.storyboard; name = Base; path = Base.lproj/LaunchScreen.storyboard; sourceTree = "<group>"; };
		B47EA6932707927500718467 /* Info.plist */ = {isa = PBXFileReference; lastKnownFileType = text.plist.xml; path = Info.plist; sourceTree = "<group>"; };
		B47EA6982707927500718467 /* EncryptionTests.xctest */ = {isa = PBXFileReference; explicitFileType = wrapper.cfbundle; includeInIndex = 0; path = EncryptionTests.xctest; sourceTree = BUILT_PRODUCTS_DIR; };
		B47EA69C2707927500718467 /* EncryptionTests.swift */ = {isa = PBXFileReference; lastKnownFileType = sourcecode.swift; path = EncryptionTests.swift; sourceTree = "<group>"; };
		B47EA69E2707927500718467 /* Info.plist */ = {isa = PBXFileReference; lastKnownFileType = text.plist.xml; path = Info.plist; sourceTree = "<group>"; };
		B47EA6A32707927500718467 /* EncryptionUITests.xctest */ = {isa = PBXFileReference; explicitFileType = wrapper.cfbundle; includeInIndex = 0; path = EncryptionUITests.xctest; sourceTree = BUILT_PRODUCTS_DIR; };
		B47EA6A72707927500718467 /* EncryptionUITests.swift */ = {isa = PBXFileReference; lastKnownFileType = sourcecode.swift; path = EncryptionUITests.swift; sourceTree = "<group>"; };
		B47EA6A92707927500718467 /* Info.plist */ = {isa = PBXFileReference; lastKnownFileType = text.plist.xml; path = Info.plist; sourceTree = "<group>"; };
		B494C9072A4B3FED00071612 /* Home.storyboard */ = {isa = PBXFileReference; lastKnownFileType = file.storyboard; path = Home.storyboard; sourceTree = "<group>"; };
		B494C90B2A4B405400071612 /* HomeViewController.swift */ = {isa = PBXFileReference; lastKnownFileType = sourcecode.swift; path = HomeViewController.swift; sourceTree = "<group>"; };
		B494C90E2A4B477200071612 /* PageListItem.swift */ = {isa = PBXFileReference; lastKnownFileType = sourcecode.swift; path = PageListItem.swift; sourceTree = "<group>"; };
		B494C9102A4B491C00071612 /* PageListItemCell.swift */ = {isa = PBXFileReference; lastKnownFileType = sourcecode.swift; path = PageListItemCell.swift; sourceTree = "<group>"; };
		B494C9132A4B536F00071612 /* AboutPageViewController.swift */ = {isa = PBXFileReference; lastKnownFileType = sourcecode.swift; path = AboutPageViewController.swift; sourceTree = "<group>"; };
		B494C9152A4B53A800071612 /* About.storyboard */ = {isa = PBXFileReference; lastKnownFileType = file.storyboard; path = About.storyboard; sourceTree = "<group>"; };
		B494C91D2A4B5FEE00071612 /* HowToUseViewController.swift */ = {isa = PBXFileReference; lastKnownFileType = sourcecode.swift; path = HowToUseViewController.swift; sourceTree = "<group>"; };
		B494C91F2A4B5FF900071612 /* HowToUse.storyboard */ = {isa = PBXFileReference; lastKnownFileType = file.storyboard; path = HowToUse.storyboard; sourceTree = "<group>"; };
		B494C9212A4B603800071612 /* InstructionalStep.swift */ = {isa = PBXFileReference; lastKnownFileType = sourcecode.swift; path = InstructionalStep.swift; sourceTree = "<group>"; };
		B494C9242A4B8E8C00071612 /* MainView.storyboard */ = {isa = PBXFileReference; lastKnownFileType = file.storyboard; path = MainView.storyboard; sourceTree = "<group>"; };
		B494C9262A4B8F1700071612 /* MainViewController.swift */ = {isa = PBXFileReference; lastKnownFileType = sourcecode.swift; path = MainViewController.swift; sourceTree = "<group>"; };
		B494C9282A4B959200071612 /* Encryptor.storyboard */ = {isa = PBXFileReference; lastKnownFileType = file.storyboard; path = Encryptor.storyboard; sourceTree = "<group>"; };
		B494C92B2A4B95AC00071612 /* EncryptorViewController.swift */ = {isa = PBXFileReference; lastKnownFileType = sourcecode.swift; path = EncryptorViewController.swift; sourceTree = "<group>"; };
		B494C92D2A4BA91600071612 /* UIView.swift */ = {isa = PBXFileReference; lastKnownFileType = sourcecode.swift; path = UIView.swift; sourceTree = "<group>"; };
		B494C9302A4BE24E00071612 /* Message.storyboard */ = {isa = PBXFileReference; lastKnownFileType = file.storyboard; path = Message.storyboard; sourceTree = "<group>"; };
		B494C9322A4BE27700071612 /* MessageViewController.swift */ = {isa = PBXFileReference; lastKnownFileType = sourcecode.swift; path = MessageViewController.swift; sourceTree = "<group>"; };
		B494C9342A4BE73600071612 /* UIViewController.swift */ = {isa = PBXFileReference; lastKnownFileType = sourcecode.swift; path = UIViewController.swift; sourceTree = "<group>"; };
		B494C9362A4CF0A200071612 /* EncryptorFunctions.swift */ = {isa = PBXFileReference; lastKnownFileType = sourcecode.swift; path = EncryptorFunctions.swift; sourceTree = "<group>"; };
		B494C9382A4CF2FC00071612 /* ProcessAttempt.swift */ = {isa = PBXFileReference; lastKnownFileType = sourcecode.swift; path = ProcessAttempt.swift; sourceTree = "<group>"; };
		B4A9750327C1BA83001CC979 /* String.swift */ = {isa = PBXFileReference; lastKnownFileType = sourcecode.swift; path = String.swift; sourceTree = "<group>"; };
/* End PBXFileReference section */

/* Begin PBXFrameworksBuildPhase section */
		B47EA67C2707926F00718467 /* Frameworks */ = {
			isa = PBXFrameworksBuildPhase;
			buildActionMask = 2147483647;
			files = (
			);
			runOnlyForDeploymentPostprocessing = 0;
		};
		B47EA6952707927500718467 /* Frameworks */ = {
			isa = PBXFrameworksBuildPhase;
			buildActionMask = 2147483647;
			files = (
			);
			runOnlyForDeploymentPostprocessing = 0;
		};
		B47EA6A02707927500718467 /* Frameworks */ = {
			isa = PBXFrameworksBuildPhase;
			buildActionMask = 2147483647;
			files = (
			);
			runOnlyForDeploymentPostprocessing = 0;
		};
/* End PBXFrameworksBuildPhase section */

/* Begin PBXGroup section */
		B445D585272DE97B00BBA0CF /* Extensions */ = {
			isa = PBXGroup;
			children = (
				B445D586272DE99500BBA0CF /* UIButton.swift */,
				B4A9750327C1BA83001CC979 /* String.swift */,
				B494C92D2A4BA91600071612 /* UIView.swift */,
				B494C9342A4BE73600071612 /* UIViewController.swift */,
				B494C9362A4CF0A200071612 /* EncryptorFunctions.swift */,
			);
			path = Extensions;
			sourceTree = "<group>";
		};
		B47EA6762707926F00718467 = {
			isa = PBXGroup;
			children = (
				B47EA6812707926F00718467 /* Encryption */,
				B47EA69B2707927500718467 /* EncryptionTests */,
				B47EA6A62707927500718467 /* EncryptionUITests */,
				B47EA6802707926F00718467 /* Products */,
			);
			sourceTree = "<group>";
		};
		B47EA6802707926F00718467 /* Products */ = {
			isa = PBXGroup;
			children = (
				B47EA67F2707926F00718467 /* Encryption.app */,
				B47EA6982707927500718467 /* EncryptionTests.xctest */,
				B47EA6A32707927500718467 /* EncryptionUITests.xctest */,
			);
			name = Products;
			sourceTree = "<group>";
		};
		B47EA6812707926F00718467 /* Encryption */ = {
			isa = PBXGroup;
			children = (
				B494C9092A4B3FF100071612 /* Main */,
				B47EA6822707926F00718467 /* AppDelegate.swift */,
				B47EA6842707926F00718467 /* SceneDelegate.swift */,
				B47EA68E2707927500718467 /* Assets.xcassets */,
				B47EA6902707927500718467 /* LaunchScreen.storyboard */,
				B47EA6932707927500718467 /* Info.plist */,
				B47EA68B2707926F00718467 /* Encryption.xcdatamodeld */,
			);
			path = Encryption;
			sourceTree = "<group>";
		};
		B47EA69B2707927500718467 /* EncryptionTests */ = {
			isa = PBXGroup;
			children = (
				B47EA69C2707927500718467 /* EncryptionTests.swift */,
				B47EA69E2707927500718467 /* Info.plist */,
			);
			path = EncryptionTests;
			sourceTree = "<group>";
		};
		B47EA6A62707927500718467 /* EncryptionUITests */ = {
			isa = PBXGroup;
			children = (
				B47EA6A72707927500718467 /* EncryptionUITests.swift */,
				B47EA6A92707927500718467 /* Info.plist */,
			);
			path = EncryptionUITests;
			sourceTree = "<group>";
		};
		B494C9092A4B3FF100071612 /* Main */ = {
			isa = PBXGroup;
			children = (
				B445D585272DE97B00BBA0CF /* Extensions */,
				B494C9172A4B5F4F00071612 /* Views */,
				B494C90D2A4B475200071612 /* CustomModels */,
			);
			path = Main;
			sourceTree = "<group>";
		};
		B494C90A2A4B402900071612 /* Home */ = {
			isa = PBXGroup;
			children = (
				B494C90B2A4B405400071612 /* HomeViewController.swift */,
				B494C9072A4B3FED00071612 /* Home.storyboard */,
			);
			path = Home;
			sourceTree = "<group>";
		};
		B494C90D2A4B475200071612 /* CustomModels */ = {
			isa = PBXGroup;
			children = (
				B494C9102A4B491C00071612 /* PageListItemCell.swift */,
				B494C90E2A4B477200071612 /* PageListItem.swift */,
				B494C9212A4B603800071612 /* InstructionalStep.swift */,
				B494C9382A4CF2FC00071612 /* ProcessAttempt.swift */,
			);
			path = CustomModels;
			sourceTree = "<group>";
		};
		B494C9122A4B52E600071612 /* About */ = {
			isa = PBXGroup;
			children = (
				B494C9132A4B536F00071612 /* AboutPageViewController.swift */,
				B494C9152A4B53A800071612 /* About.storyboard */,
			);
			path = About;
			sourceTree = "<group>";
		};
		B494C9172A4B5F4F00071612 /* Views */ = {
			isa = PBXGroup;
			children = (
				B494C92A2A4B959700071612 /* Encryptor */,
				B494C9232A4B8E5400071612 /* MainView */,
				B494C9182A4B5F5A00071612 /* HowToUse */,
				B494C90A2A4B402900071612 /* Home */,
				B494C9122A4B52E600071612 /* About */,
			);
			path = Views;
			sourceTree = "<group>";
		};
		B494C9182A4B5F5A00071612 /* HowToUse */ = {
			isa = PBXGroup;
			children = (
				B494C91D2A4B5FEE00071612 /* HowToUseViewController.swift */,
				B494C91F2A4B5FF900071612 /* HowToUse.storyboard */,
			);
			path = HowToUse;
			sourceTree = "<group>";
		};
		B494C9232A4B8E5400071612 /* MainView */ = {
			isa = PBXGroup;
			children = (
				B494C9242A4B8E8C00071612 /* MainView.storyboard */,
				B494C9262A4B8F1700071612 /* MainViewController.swift */,
			);
			path = MainView;
			sourceTree = "<group>";
		};
		B494C92A2A4B959700071612 /* Encryptor */ = {
			isa = PBXGroup;
			children = (
				B494C92F2A4BE22700071612 /* Message */,
				B494C9282A4B959200071612 /* Encryptor.storyboard */,
				B494C92B2A4B95AC00071612 /* EncryptorViewController.swift */,
			);
			path = Encryptor;
			sourceTree = "<group>";
		};
		B494C92F2A4BE22700071612 /* Message */ = {
			isa = PBXGroup;
			children = (
				B494C9302A4BE24E00071612 /* Message.storyboard */,
				B494C9322A4BE27700071612 /* MessageViewController.swift */,
			);
			path = Message;
			sourceTree = "<group>";
		};
/* End PBXGroup section */

/* Begin PBXNativeTarget section */
		B47EA67E2707926F00718467 /* Encryption */ = {
			isa = PBXNativeTarget;
			buildConfigurationList = B47EA6AC2707927500718467 /* Build configuration list for PBXNativeTarget "Encryption" */;
			buildPhases = (
				B47EA67B2707926F00718467 /* Sources */,
				B47EA67C2707926F00718467 /* Frameworks */,
				B47EA67D2707926F00718467 /* Resources */,
			);
			buildRules = (
			);
			dependencies = (
			);
			name = Encryption;
			productName = Encryption;
			productReference = B47EA67F2707926F00718467 /* Encryption.app */;
			productType = "com.apple.product-type.application";
		};
		B47EA6972707927500718467 /* EncryptionTests */ = {
			isa = PBXNativeTarget;
			buildConfigurationList = B47EA6AF2707927500718467 /* Build configuration list for PBXNativeTarget "EncryptionTests" */;
			buildPhases = (
				B47EA6942707927500718467 /* Sources */,
				B47EA6952707927500718467 /* Frameworks */,
				B47EA6962707927500718467 /* Resources */,
			);
			buildRules = (
			);
			dependencies = (
				B47EA69A2707927500718467 /* PBXTargetDependency */,
			);
			name = EncryptionTests;
			productName = EncryptionTests;
			productReference = B47EA6982707927500718467 /* EncryptionTests.xctest */;
			productType = "com.apple.product-type.bundle.unit-test";
		};
		B47EA6A22707927500718467 /* EncryptionUITests */ = {
			isa = PBXNativeTarget;
			buildConfigurationList = B47EA6B22707927500718467 /* Build configuration list for PBXNativeTarget "EncryptionUITests" */;
			buildPhases = (
				B47EA69F2707927500718467 /* Sources */,
				B47EA6A02707927500718467 /* Frameworks */,
				B47EA6A12707927500718467 /* Resources */,
			);
			buildRules = (
			);
			dependencies = (
				B47EA6A52707927500718467 /* PBXTargetDependency */,
			);
			name = EncryptionUITests;
			productName = EncryptionUITests;
			productReference = B47EA6A32707927500718467 /* EncryptionUITests.xctest */;
			productType = "com.apple.product-type.bundle.ui-testing";
		};
/* End PBXNativeTarget section */

/* Begin PBXProject section */
		B47EA6772707926F00718467 /* Project object */ = {
			isa = PBXProject;
			attributes = {
				BuildIndependentTargetsInParallel = YES;
				LastSwiftUpdateCheck = 1250;
				LastUpgradeCheck = 1430;
				TargetAttributes = {
					B47EA67E2707926F00718467 = {
						CreatedOnToolsVersion = 12.5.1;
					};
					B47EA6972707927500718467 = {
						CreatedOnToolsVersion = 12.5.1;
						TestTargetID = B47EA67E2707926F00718467;
					};
					B47EA6A22707927500718467 = {
						CreatedOnToolsVersion = 12.5.1;
						TestTargetID = B47EA67E2707926F00718467;
					};
				};
			};
			buildConfigurationList = B47EA67A2707926F00718467 /* Build configuration list for PBXProject "Encryption" */;
			compatibilityVersion = "Xcode 9.3";
			developmentRegion = en;
			hasScannedForEncodings = 0;
			knownRegions = (
				en,
				Base,
			);
			mainGroup = B47EA6762707926F00718467;
			productRefGroup = B47EA6802707926F00718467 /* Products */;
			projectDirPath = "";
			projectRoot = "";
			targets = (
				B47EA67E2707926F00718467 /* Encryption */,
				B47EA6972707927500718467 /* EncryptionTests */,
				B47EA6A22707927500718467 /* EncryptionUITests */,
			);
		};
/* End PBXProject section */

/* Begin PBXResourcesBuildPhase section */
		B47EA67D2707926F00718467 /* Resources */ = {
			isa = PBXResourcesBuildPhase;
			buildActionMask = 2147483647;
			files = (
				B494C9082A4B3FED00071612 /* Home.storyboard in Resources */,
				B494C9312A4BE24E00071612 /* Message.storyboard in Resources */,
				B494C9252A4B8E8C00071612 /* MainView.storyboard in Resources */,
				B47EA6922707927500718467 /* LaunchScreen.storyboard in Resources */,
				B47EA68F2707927500718467 /* Assets.xcassets in Resources */,
				B494C9162A4B53A800071612 /* About.storyboard in Resources */,
				B494C9202A4B5FF900071612 /* HowToUse.storyboard in Resources */,
				B494C9292A4B959200071612 /* Encryptor.storyboard in Resources */,
			);
			runOnlyForDeploymentPostprocessing = 0;
		};
		B47EA6962707927500718467 /* Resources */ = {
			isa = PBXResourcesBuildPhase;
			buildActionMask = 2147483647;
			files = (
			);
			runOnlyForDeploymentPostprocessing = 0;
		};
		B47EA6A12707927500718467 /* Resources */ = {
			isa = PBXResourcesBuildPhase;
			buildActionMask = 2147483647;
			files = (
			);
			runOnlyForDeploymentPostprocessing = 0;
		};
/* End PBXResourcesBuildPhase section */

/* Begin PBXSourcesBuildPhase section */
		B47EA67B2707926F00718467 /* Sources */ = {
			isa = PBXSourcesBuildPhase;
			buildActionMask = 2147483647;
			files = (
				B494C92E2A4BA91600071612 /* UIView.swift in Sources */,
				B494C9332A4BE27700071612 /* MessageViewController.swift in Sources */,
				B494C9142A4B536F00071612 /* AboutPageViewController.swift in Sources */,
				B445D587272DE99500BBA0CF /* UIButton.swift in Sources */,
				B494C9392A4CF2FC00071612 /* ProcessAttempt.swift in Sources */,
				B494C9112A4B491C00071612 /* PageListItemCell.swift in Sources */,
				B494C90F2A4B477200071612 /* PageListItem.swift in Sources */,
				B494C90C2A4B405400071612 /* HomeViewController.swift in Sources */,
				B47EA6832707926F00718467 /* AppDelegate.swift in Sources */,
				B494C9372A4CF0A200071612 /* EncryptorFunctions.swift in Sources */,
				B494C9352A4BE73600071612 /* UIViewController.swift in Sources */,
				B494C9222A4B603800071612 /* InstructionalStep.swift in Sources */,
				B494C92C2A4B95AC00071612 /* EncryptorViewController.swift in Sources */,
				B494C9272A4B8F1700071612 /* MainViewController.swift in Sources */,
				B494C91E2A4B5FEE00071612 /* HowToUseViewController.swift in Sources */,
				B47EA68D2707926F00718467 /* Encryption.xcdatamodeld in Sources */,
				B4A9750427C1BA83001CC979 /* String.swift in Sources */,
				B47EA6852707926F00718467 /* SceneDelegate.swift in Sources */,
			);
			runOnlyForDeploymentPostprocessing = 0;
		};
		B47EA6942707927500718467 /* Sources */ = {
			isa = PBXSourcesBuildPhase;
			buildActionMask = 2147483647;
			files = (
				B47EA69D2707927500718467 /* EncryptionTests.swift in Sources */,
			);
			runOnlyForDeploymentPostprocessing = 0;
		};
		B47EA69F2707927500718467 /* Sources */ = {
			isa = PBXSourcesBuildPhase;
			buildActionMask = 2147483647;
			files = (
				B47EA6A82707927500718467 /* EncryptionUITests.swift in Sources */,
			);
			runOnlyForDeploymentPostprocessing = 0;
		};
/* End PBXSourcesBuildPhase section */

/* Begin PBXTargetDependency section */
		B47EA69A2707927500718467 /* PBXTargetDependency */ = {
			isa = PBXTargetDependency;
			target = B47EA67E2707926F00718467 /* Encryption */;
			targetProxy = B47EA6992707927500718467 /* PBXContainerItemProxy */;
		};
		B47EA6A52707927500718467 /* PBXTargetDependency */ = {
			isa = PBXTargetDependency;
			target = B47EA67E2707926F00718467 /* Encryption */;
			targetProxy = B47EA6A42707927500718467 /* PBXContainerItemProxy */;
		};
/* End PBXTargetDependency section */

/* Begin PBXVariantGroup section */
		B47EA6902707927500718467 /* LaunchScreen.storyboard */ = {
			isa = PBXVariantGroup;
			children = (
				B47EA6912707927500718467 /* Base */,
			);
			name = LaunchScreen.storyboard;
			sourceTree = "<group>";
		};
/* End PBXVariantGroup section */

/* Begin XCBuildConfiguration section */
		B47EA6AA2707927500718467 /* Debug */ = {
			isa = XCBuildConfiguration;
			buildSettings = {
				ALWAYS_SEARCH_USER_PATHS = NO;
				CLANG_ANALYZER_NONNULL = YES;
				CLANG_ANALYZER_NUMBER_OBJECT_CONVERSION = YES_AGGRESSIVE;
				CLANG_CXX_LANGUAGE_STANDARD = "gnu++14";
				CLANG_CXX_LIBRARY = "libc++";
				CLANG_ENABLE_MODULES = YES;
				CLANG_ENABLE_OBJC_ARC = YES;
				CLANG_ENABLE_OBJC_WEAK = YES;
				CLANG_WARN_BLOCK_CAPTURE_AUTORELEASING = YES;
				CLANG_WARN_BOOL_CONVERSION = YES;
				CLANG_WARN_COMMA = YES;
				CLANG_WARN_CONSTANT_CONVERSION = YES;
				CLANG_WARN_DEPRECATED_OBJC_IMPLEMENTATIONS = YES;
				CLANG_WARN_DIRECT_OBJC_ISA_USAGE = YES_ERROR;
				CLANG_WARN_DOCUMENTATION_COMMENTS = YES;
				CLANG_WARN_EMPTY_BODY = YES;
				CLANG_WARN_ENUM_CONVERSION = YES;
				CLANG_WARN_INFINITE_RECURSION = YES;
				CLANG_WARN_INT_CONVERSION = YES;
				CLANG_WARN_NON_LITERAL_NULL_CONVERSION = YES;
				CLANG_WARN_OBJC_IMPLICIT_RETAIN_SELF = YES;
				CLANG_WARN_OBJC_LITERAL_CONVERSION = YES;
				CLANG_WARN_OBJC_ROOT_CLASS = YES_ERROR;
				CLANG_WARN_QUOTED_INCLUDE_IN_FRAMEWORK_HEADER = YES;
				CLANG_WARN_RANGE_LOOP_ANALYSIS = YES;
				CLANG_WARN_STRICT_PROTOTYPES = YES;
				CLANG_WARN_SUSPICIOUS_MOVE = YES;
				CLANG_WARN_UNGUARDED_AVAILABILITY = YES_AGGRESSIVE;
				CLANG_WARN_UNREACHABLE_CODE = YES;
				CLANG_WARN__DUPLICATE_METHOD_MATCH = YES;
				CODE_SIGN_IDENTITY = "Apple Development";
				CODE_SIGN_STYLE = Automatic;
				COPY_PHASE_STRIP = NO;
				DEBUG_INFORMATION_FORMAT = dwarf;
				ENABLE_STRICT_OBJC_MSGSEND = YES;
				ENABLE_TESTABILITY = YES;
				GCC_C_LANGUAGE_STANDARD = gnu11;
				GCC_DYNAMIC_NO_PIC = NO;
				GCC_NO_COMMON_BLOCKS = YES;
				GCC_OPTIMIZATION_LEVEL = 0;
				GCC_PREPROCESSOR_DEFINITIONS = (
					"DEBUG=1",
					"$(inherited)",
				);
				GCC_WARN_64_TO_32_BIT_CONVERSION = YES;
				GCC_WARN_ABOUT_RETURN_TYPE = YES_ERROR;
				GCC_WARN_UNDECLARED_SELECTOR = YES;
				GCC_WARN_UNINITIALIZED_AUTOS = YES_AGGRESSIVE;
				GCC_WARN_UNUSED_FUNCTION = YES;
				GCC_WARN_UNUSED_VARIABLE = YES;
				IPHONEOS_DEPLOYMENT_TARGET = 14.5;
				MTL_ENABLE_DEBUG_INFO = INCLUDE_SOURCE;
				MTL_FAST_MATH = YES;
				ONLY_ACTIVE_ARCH = YES;
				SDKROOT = iphoneos;
				SWIFT_ACTIVE_COMPILATION_CONDITIONS = DEBUG;
				SWIFT_OPTIMIZATION_LEVEL = "-Onone";
			};
			name = Debug;
		};
		B47EA6AB2707927500718467 /* Release */ = {
			isa = XCBuildConfiguration;
			buildSettings = {
				ALWAYS_SEARCH_USER_PATHS = NO;
				CLANG_ANALYZER_NONNULL = YES;
				CLANG_ANALYZER_NUMBER_OBJECT_CONVERSION = YES_AGGRESSIVE;
				CLANG_CXX_LANGUAGE_STANDARD = "gnu++14";
				CLANG_CXX_LIBRARY = "libc++";
				CLANG_ENABLE_MODULES = YES;
				CLANG_ENABLE_OBJC_ARC = YES;
				CLANG_ENABLE_OBJC_WEAK = YES;
				CLANG_WARN_BLOCK_CAPTURE_AUTORELEASING = YES;
				CLANG_WARN_BOOL_CONVERSION = YES;
				CLANG_WARN_COMMA = YES;
				CLANG_WARN_CONSTANT_CONVERSION = YES;
				CLANG_WARN_DEPRECATED_OBJC_IMPLEMENTATIONS = YES;
				CLANG_WARN_DIRECT_OBJC_ISA_USAGE = YES_ERROR;
				CLANG_WARN_DOCUMENTATION_COMMENTS = YES;
				CLANG_WARN_EMPTY_BODY = YES;
				CLANG_WARN_ENUM_CONVERSION = YES;
				CLANG_WARN_INFINITE_RECURSION = YES;
				CLANG_WARN_INT_CONVERSION = YES;
				CLANG_WARN_NON_LITERAL_NULL_CONVERSION = YES;
				CLANG_WARN_OBJC_IMPLICIT_RETAIN_SELF = YES;
				CLANG_WARN_OBJC_LITERAL_CONVERSION = YES;
				CLANG_WARN_OBJC_ROOT_CLASS = YES_ERROR;
				CLANG_WARN_QUOTED_INCLUDE_IN_FRAMEWORK_HEADER = YES;
				CLANG_WARN_RANGE_LOOP_ANALYSIS = YES;
				CLANG_WARN_STRICT_PROTOTYPES = YES;
				CLANG_WARN_SUSPICIOUS_MOVE = YES;
				CLANG_WARN_UNGUARDED_AVAILABILITY = YES_AGGRESSIVE;
				CLANG_WARN_UNREACHABLE_CODE = YES;
				CLANG_WARN__DUPLICATE_METHOD_MATCH = YES;
				CODE_SIGN_IDENTITY = "Apple Development";
				CODE_SIGN_STYLE = Automatic;
				COPY_PHASE_STRIP = NO;
				DEBUG_INFORMATION_FORMAT = "dwarf-with-dsym";
				ENABLE_NS_ASSERTIONS = NO;
				ENABLE_STRICT_OBJC_MSGSEND = YES;
				GCC_C_LANGUAGE_STANDARD = gnu11;
				GCC_NO_COMMON_BLOCKS = YES;
				GCC_WARN_64_TO_32_BIT_CONVERSION = YES;
				GCC_WARN_ABOUT_RETURN_TYPE = YES_ERROR;
				GCC_WARN_UNDECLARED_SELECTOR = YES;
				GCC_WARN_UNINITIALIZED_AUTOS = YES_AGGRESSIVE;
				GCC_WARN_UNUSED_FUNCTION = YES;
				GCC_WARN_UNUSED_VARIABLE = YES;
				IPHONEOS_DEPLOYMENT_TARGET = 14.5;
				MTL_ENABLE_DEBUG_INFO = NO;
				MTL_FAST_MATH = YES;
				SDKROOT = iphoneos;
				SWIFT_COMPILATION_MODE = wholemodule;
				SWIFT_OPTIMIZATION_LEVEL = "-O";
				VALIDATE_PRODUCT = YES;
			};
			name = Release;
		};
		B47EA6AD2707927500718467 /* Debug */ = {
			isa = XCBuildConfiguration;
			buildSettings = {
				ASSETCATALOG_COMPILER_APPICON_NAME = AppIcon;
				ASSETCATALOG_COMPILER_GLOBAL_ACCENT_COLOR_NAME = AccentColor;
				CODE_SIGN_STYLE = Automatic;
				CURRENT_PROJECT_VERSION = 2.0.0;
				DEVELOPMENT_TEAM = 3SAK2H9499;
				INFOPLIST_FILE = Encryption/Info.plist;
				IPHONEOS_DEPLOYMENT_TARGET = 15.0;
				LD_RUNPATH_SEARCH_PATHS = (
					"$(inherited)",
					"@executable_path/Frameworks",
				);
				MARKETING_VERSION = 2;
				PRODUCT_BUNDLE_IDENTIFIER = com.tommybartocci.Encryption;
				PRODUCT_NAME = "$(TARGET_NAME)";
				SWIFT_VERSION = 5.0;
				TARGETED_DEVICE_FAMILY = 1;
			};
			name = Debug;
		};
		B47EA6AE2707927500718467 /* Release */ = {
			isa = XCBuildConfiguration;
			buildSettings = {
				ASSETCATALOG_COMPILER_APPICON_NAME = AppIcon;
				ASSETCATALOG_COMPILER_GLOBAL_ACCENT_COLOR_NAME = AccentColor;
				CODE_SIGN_STYLE = Automatic;
				CURRENT_PROJECT_VERSION = 2.0.0;
				DEVELOPMENT_TEAM = 3SAK2H9499;
				INFOPLIST_FILE = Encryption/Info.plist;
				IPHONEOS_DEPLOYMENT_TARGET = 15.0;
				LD_RUNPATH_SEARCH_PATHS = (
					"$(inherited)",
					"@executable_path/Frameworks",
				);
				MARKETING_VERSION = 2;
				PRODUCT_BUNDLE_IDENTIFIER = com.tommybartocci.Encryption;
				PRODUCT_NAME = "$(TARGET_NAME)";
				SWIFT_VERSION = 5.0;
				TARGETED_DEVICE_FAMILY = 1;
			};
			name = Release;
		};
		B47EA6B02707927500718467 /* Debug */ = {
			isa = XCBuildConfiguration;
			buildSettings = {
				ALWAYS_EMBED_SWIFT_STANDARD_LIBRARIES = YES;
				BUNDLE_LOADER = "$(TEST_HOST)";
				CODE_SIGN_STYLE = Automatic;
				INFOPLIST_FILE = EncryptionTests/Info.plist;
				IPHONEOS_DEPLOYMENT_TARGET = 14.5;
				LD_RUNPATH_SEARCH_PATHS = (
					"$(inherited)",
					"@executable_path/Frameworks",
					"@loader_path/Frameworks",
				);
				PRODUCT_BUNDLE_IDENTIFIER = com.tommybartocci.EncryptionTests;
				PRODUCT_NAME = "$(TARGET_NAME)";
				SWIFT_VERSION = 5.0;
				TARGETED_DEVICE_FAMILY = "1,2";
				TEST_HOST = "$(BUILT_PRODUCTS_DIR)/Encryption.app/Encryption";
			};
			name = Debug;
		};
		B47EA6B12707927500718467 /* Release */ = {
			isa = XCBuildConfiguration;
			buildSettings = {
				ALWAYS_EMBED_SWIFT_STANDARD_LIBRARIES = YES;
				BUNDLE_LOADER = "$(TEST_HOST)";
				CODE_SIGN_STYLE = Automatic;
				INFOPLIST_FILE = EncryptionTests/Info.plist;
				IPHONEOS_DEPLOYMENT_TARGET = 14.5;
				LD_RUNPATH_SEARCH_PATHS = (
					"$(inherited)",
					"@executable_path/Frameworks",
					"@loader_path/Frameworks",
				);
				PRODUCT_BUNDLE_IDENTIFIER = com.tommybartocci.EncryptionTests;
				PRODUCT_NAME = "$(TARGET_NAME)";
				SWIFT_VERSION = 5.0;
				TARGETED_DEVICE_FAMILY = "1,2";
				TEST_HOST = "$(BUILT_PRODUCTS_DIR)/Encryption.app/Encryption";
			};
			name = Release;
		};
		B47EA6B32707927500718467 /* Debug */ = {
			isa = XCBuildConfiguration;
			buildSettings = {
				ALWAYS_EMBED_SWIFT_STANDARD_LIBRARIES = YES;
				CODE_SIGN_STYLE = Automatic;
				INFOPLIST_FILE = EncryptionUITests/Info.plist;
				LD_RUNPATH_SEARCH_PATHS = (
					"$(inherited)",
					"@executable_path/Frameworks",
					"@loader_path/Frameworks",
				);
				PRODUCT_BUNDLE_IDENTIFIER = com.tommybartocci.EncryptionUITests;
				PRODUCT_NAME = "$(TARGET_NAME)";
				SWIFT_VERSION = 5.0;
				TARGETED_DEVICE_FAMILY = "1,2";
				TEST_TARGET_NAME = Encryption;
			};
			name = Debug;
		};
		B47EA6B42707927500718467 /* Release */ = {
			isa = XCBuildConfiguration;
			buildSettings = {
				ALWAYS_EMBED_SWIFT_STANDARD_LIBRARIES = YES;
				CODE_SIGN_STYLE = Automatic;
				INFOPLIST_FILE = EncryptionUITests/Info.plist;
				LD_RUNPATH_SEARCH_PATHS = (
					"$(inherited)",
					"@executable_path/Frameworks",
					"@loader_path/Frameworks",
				);
				PRODUCT_BUNDLE_IDENTIFIER = com.tommybartocci.EncryptionUITests;
				PRODUCT_NAME = "$(TARGET_NAME)";
				SWIFT_VERSION = 5.0;
				TARGETED_DEVICE_FAMILY = "1,2";
				TEST_TARGET_NAME = Encryption;
			};
			name = Release;
		};
/* End XCBuildConfiguration section */

/* Begin XCConfigurationList section */
		B47EA67A2707926F00718467 /* Build configuration list for PBXProject "Encryption" */ = {
			isa = XCConfigurationList;
			buildConfigurations = (
				B47EA6AA2707927500718467 /* Debug */,
				B47EA6AB2707927500718467 /* Release */,
			);
			defaultConfigurationIsVisible = 0;
			defaultConfigurationName = Release;
		};
		B47EA6AC2707927500718467 /* Build configuration list for PBXNativeTarget "Encryption" */ = {
			isa = XCConfigurationList;
			buildConfigurations = (
				B47EA6AD2707927500718467 /* Debug */,
				B47EA6AE2707927500718467 /* Release */,
			);
			defaultConfigurationIsVisible = 0;
			defaultConfigurationName = Release;
		};
		B47EA6AF2707927500718467 /* Build configuration list for PBXNativeTarget "EncryptionTests" */ = {
			isa = XCConfigurationList;
			buildConfigurations = (
				B47EA6B02707927500718467 /* Debug */,
				B47EA6B12707927500718467 /* Release */,
			);
			defaultConfigurationIsVisible = 0;
			defaultConfigurationName = Release;
		};
		B47EA6B22707927500718467 /* Build configuration list for PBXNativeTarget "EncryptionUITests" */ = {
			isa = XCConfigurationList;
			buildConfigurations = (
				B47EA6B32707927500718467 /* Debug */,
				B47EA6B42707927500718467 /* Release */,
			);
			defaultConfigurationIsVisible = 0;
			defaultConfigurationName = Release;
		};
/* End XCConfigurationList section */

/* Begin XCVersionGroup section */
		B47EA68B2707926F00718467 /* Encryption.xcdatamodeld */ = {
			isa = XCVersionGroup;
			children = (
				B47EA68C2707926F00718467 /* Encryption.xcdatamodel */,
			);
			currentVersion = B47EA68C2707926F00718467 /* Encryption.xcdatamodel */;
			path = Encryption.xcdatamodeld;
			sourceTree = "<group>";
			versionGroupType = wrapper.xcdatamodel;
		};
/* End XCVersionGroup section */
	};
	rootObject = B47EA6772707926F00718467 /* Project object */;
}
